{
  "version": 4,
  "terraform_version": "1.14.8",
  "serial": 3,
  "lineage": "5577edf7-061d-e368-7a20-31110dea0870",
  "outputs": {},
  "resources": [
    {
      "mode": "managed",
      "type": "aws_internet_gateway",
      "name": "main_igw",
      "provider": "provider[\"registry.terraform.io/hashicorp/aws\"]",
      "instances": [
        {
          "schema_version": 0,
          "attributes": {
            "arn": "arn:aws:ec2:us-east-1:836071698624:internet-gateway/igw-0dce0882621baf337",
            "id": "igw-0dce0882621baf337",
            "owner_id": "836071698624",
            "tags": {
              "Name": "DevOps-Practice-IGW"
            },
            "tags_all": {
              "Name": "DevOps-Practice-IGW"
            },
            "timeouts": null,
            "vpc_id": "vpc-0aaa0f443564e0364"
          },
          "sensitive_attributes": [],
          "identity_schema_version": 0,
          "private": "eyJlMmJmYjczMC1lY2FhLTExZTYtOGY4OC0zNDM2M2JjN2M0YzAiOnsiY3JlYXRlIjoxMjAwMDAwMDAwMDAwLCJkZWxldGUiOjEyMDAwMDAwMDAwMDAsInVwZGF0ZSI6MTIwMDAwMDAwMDAwMH19",
          "dependencies": [
            "aws_vpc.main_vpc"
          ]
        }
      ]
    },
    {
      "mode": "managed",
      "type": "aws_vpc",
      "name": "main_vpc",
      "provider": "provider[\"registry.terraform.io/hashicorp/aws\"]",
      "instances": [
        {
          "schema_version": 1,
          "attributes": {
            "arn": "arn:aws:ec2:us-east-1:836071698624:vpc/vpc-0aaa0f443564e0364",
            "assign_generated_ipv6_cidr_block": false,
            "cidr_block": "10.0.0.0/16",
            "default_network_acl_id": "acl-0fd1541d079ee97e3",
            "default_route_table_id": "rtb-0baad068dcef5153d",
            "default_security_group_id": "sg-0055ed7a2f05226c0",
            "dhcp_options_id": "dopt-03e84875d7ca5d931",
            "enable_dns_hostnames": true,
            "enable_dns_support": true,
            "enable_network_address_usage_metrics": false,
            "id": "vpc-0aaa0f443564e0364",
            "instance_tenancy": "default",
            "ipv4_ipam_pool_id": null,
            "ipv4_netmask_length": null,
            "ipv6_association_id": "",
            "ipv6_cidr_block": "",
            "ipv6_cidr_block_network_border_group": "",
            "ipv6_ipam_pool_id": "",
            "ipv6_netmask_length": 0,
            "main_route_table_id": "rtb-0baad068dcef5153d",
            "owner_id": "836071698624",
            "tags": {
              "Name": "DevOps-Practice-VPC"
            },
            "tags_all": {
              "Name": "DevOps-Practice-VPC"
            }
          },
          "sensitive_attributes": [],
          "identity_schema_version": 0,
          "private": "eyJzY2hlbWFfdmVyc2lvbiI6IjEifQ=="
        }
      ]
    }
  ],
  "check_results": null
}
